
Microsoft Visual Studio Solution File, Format Version 12.00
# Visual Studio Version 17
VisualStudioVersion = 17.4.33213.308
MinimumVisualStudioVersion = 10.0.40219.1
Project("{FAE04EC0-301F-11D3-BF4B-00C04F79EFBC}") = "20110376_TruongChiKien_StudentManagement", "20110376_TruongChiKien_StudentManagement\20110376_TruongChiKien_StudentManagement.csproj", "{3DBCAC1F-0CD7-46C3-8A8A-B21BE6E123BC}"
EndProject
Global
	GlobalSection(SolutionConfigurationPlatforms) = preSolution
		Debug|Any CPU = Debug|Any CPU
		Release|Any CPU = Release|Any CPU
	EndGlobalSection
	GlobalSection(ProjectConfigurationPlatforms) = postSolution
		{3DBCAC1F-0CD7-46C3-8A8A-B21BE6E123BC}.Debug|Any CPU.ActiveCfg = Debug|Any CPU
		{3DBCAC1F-0CD7-46C3-8A8A-B21BE6E123BC}.Debug|Any CPU.Build.0 = Debug|Any CPU
		{3DBCAC1F-0CD7-46C3-8A8A-B21BE6E123BC}.Release|Any CPU.ActiveCfg = Release|Any CPU
		{3DBCAC1F-0CD7-46C3-8A8A-B21BE6E123BC}.Release|Any CPU.Build.0 = Release|Any CPU
	EndGlobalSection
	GlobalSection(SolutionProperties) = preSolution
		HideSolutionNode = FALSE
	EndGlobalSection
	GlobalSection(ExtensibilityGlobals) = postSolution
		SolutionGuid = {C861AEFA-3803-4813-8BB5-1A6C63595FB1}
	EndGlobalSection
EndGlobal
